
Microsoft Visual Studio Solution File, Format Version 12.00
# Visual Studio Version 16
VisualStudioVersion = 16.0.31624.102
MinimumVisualStudioVersion = 10.0.40219.1
Project("{FAE04EC0-301F-11D3-BF4B-00C04F79EFBC}") = "LR20__Sydorenko__202TN", "LR20__Sydorenko__202TN\LR20__Sydorenko__202TN.csproj", "{B85468F9-1337-4BF4-AF53-EF62739CF62E}"
EndProject
Global
	GlobalSection(SolutionConfigurationPlatforms) = preSolution
		Debug|Any CPU = Debug|Any CPU
		Release|Any CPU = Release|Any CPU
	EndGlobalSection
	GlobalSection(ProjectConfigurationPlatforms) = postSolution
		{B85468F9-1337-4BF4-AF53-EF62739CF62E}.Debug|Any CPU.ActiveCfg = Debug|Any CPU
		{B85468F9-1337-4BF4-AF53-EF62739CF62E}.Debug|Any CPU.Build.0 = Debug|Any CPU
		{B85468F9-1337-4BF4-AF53-EF62739CF62E}.Release|Any CPU.ActiveCfg = Release|Any CPU
		{B85468F9-1337-4BF4-AF53-EF62739CF62E}.Release|Any CPU.Build.0 = Release|Any CPU
	EndGlobalSection
	GlobalSection(SolutionProperties) = preSolution
		HideSolutionNode = FALSE
	EndGlobalSection
	GlobalSection(ExtensibilityGlobals) = postSolution
		SolutionGuid = {84975635-A78F-4CFD-AC94-C157C1AE1100}
	EndGlobalSection
EndGlobal
